PODS:
  - PromiseKit (6.15.3):
    - PromiseKit/CorePromise (= 6.15.3)
    - PromiseKit/Foundation (= 6.15.3)
    - PromiseKit/UIKit (= 6.15.3)
  - PromiseKit/CorePromise (6.15.3)
  - PromiseKit/Foundation (6.15.3):
    - PromiseKit/CorePromise
  - PromiseKit/UIKit (6.15.3):
    - PromiseKit/CorePromise

DEPENDENCIES:
  - PromiseKit (~> 6.8)

SPEC REPOS:
  trunk:
    - PromiseKit

SPEC CHECKSUMS:
  PromiseKit: 3b2b6995e51a954c46dbc550ce3da44fbfb563c5

PODFILE CHECKSUM: 1562d71b591b1321c108d05d5eb2b8b6af16e658

COCOAPODS: 1.11.2
